
Microsoft Visual Studio Solution File, Format Version 12.00
# Visual Studio Version 16
VisualStudioVersion = 16.0.29519.181
MinimumVisualStudioVersion = 10.0.40219.1
Project("{FAE04EC0-301F-11D3-BF4B-00C04F79EFBC}") = "DesignPatternsDemo", "DesignPatternsDemo\DesignPatternsDemo.csproj", "{077D6DB5-E3CF-4A73-844C-BDB115F67CC3}"
EndProject
Project("{FAE04EC0-301F-11D3-BF4B-00C04F79EFBC}") = "ExceptionLoggingDemo", "ExceptionLoggingDemo\ExceptionLoggingDemo.csproj", "{943883B2-959C-49EE-9E3B-678F8E2E57B5}"
EndProject
Project("{FAE04EC0-301F-11D3-BF4B-00C04F79EFBC}") = "FactoryDesignPattern", "FactoryDesignPattern\FactoryDesignPattern.csproj", "{795CD4D4-B86F-46FF-B102-50DA7D1D8261}"
EndProject
Project("{FAE04EC0-301F-11D3-BF4B-00C04F79EFBC}") = "StrategyDesignPattern", "StrategyDesignPattern\StrategyDesignPattern.csproj", "{2A47E5DA-8CBA-4DF8-B9AE-E8C38230E41A}"
EndProject
Project("{FAE04EC0-301F-11D3-BF4B-00C04F79EFBC}") = "PrototypeDesignPattern", "PrototypeDesignPattern\PrototypeDesignPattern.csproj", "{9DB7028E-7E05-422A-8F2B-DB938F91CC38}"
EndProject
Project("{FAE04EC0-301F-11D3-BF4B-00C04F79EFBC}") = "BuilderDesignPattern", "BuilderDesignPattern\BuilderDesignPattern.csproj", "{6D157B82-5FBC-4713-8CCD-497CE5B20293}"
EndProject
Project("{FAE04EC0-301F-11D3-BF4B-00C04F79EFBC}") = "CSharpDemos", "CSharpDemos\CSharpDemos.csproj", "{3FA63400-DC4A-40AB-8F27-61B581989E4C}"
EndProject
Global
	GlobalSection(SolutionConfigurationPlatforms) = preSolution
		Debug|Any CPU = Debug|Any CPU
		Release|Any CPU = Release|Any CPU
	EndGlobalSection
	GlobalSection(ProjectConfigurationPlatforms) = postSolution
		{077D6DB5-E3CF-4A73-844C-BDB115F67CC3}.Debug|Any CPU.ActiveCfg = Debug|Any CPU
		{077D6DB5-E3CF-4A73-844C-BDB115F67CC3}.Debug|Any CPU.Build.0 = Debug|Any CPU
		{077D6DB5-E3CF-4A73-844C-BDB115F67CC3}.Release|Any CPU.ActiveCfg = Release|Any CPU
		{077D6DB5-E3CF-4A73-844C-BDB115F67CC3}.Release|Any CPU.Build.0 = Release|Any CPU
		{943883B2-959C-49EE-9E3B-678F8E2E57B5}.Debug|Any CPU.ActiveCfg = Debug|Any CPU
		{943883B2-959C-49EE-9E3B-678F8E2E57B5}.Debug|Any CPU.Build.0 = Debug|Any CPU
		{943883B2-959C-49EE-9E3B-678F8E2E57B5}.Release|Any CPU.ActiveCfg = Release|Any CPU
		{943883B2-959C-49EE-9E3B-678F8E2E57B5}.Release|Any CPU.Build.0 = Release|Any CPU
		{795CD4D4-B86F-46FF-B102-50DA7D1D8261}.Debug|Any CPU.ActiveCfg = Debug|Any CPU
		{795CD4D4-B86F-46FF-B102-50DA7D1D8261}.Debug|Any CPU.Build.0 = Debug|Any CPU
		{795CD4D4-B86F-46FF-B102-50DA7D1D8261}.Release|Any CPU.ActiveCfg = Release|Any CPU
		{795CD4D4-B86F-46FF-B102-50DA7D1D8261}.Release|Any CPU.Build.0 = Release|Any CPU
		{2A47E5DA-8CBA-4DF8-B9AE-E8C38230E41A}.Debug|Any CPU.ActiveCfg = Debug|Any CPU
		{2A47E5DA-8CBA-4DF8-B9AE-E8C38230E41A}.Debug|Any CPU.Build.0 = Debug|Any CPU
		{2A47E5DA-8CBA-4DF8-B9AE-E8C38230E41A}.Release|Any CPU.ActiveCfg = Release|Any CPU
		{2A47E5DA-8CBA-4DF8-B9AE-E8C38230E41A}.Release|Any CPU.Build.0 = Release|Any CPU
		{9DB7028E-7E05-422A-8F2B-DB938F91CC38}.Debug|Any CPU.ActiveCfg = Debug|Any CPU
		{9DB7028E-7E05-422A-8F2B-DB938F91CC38}.Debug|Any CPU.Build.0 = Debug|Any CPU
		{9DB7028E-7E05-422A-8F2B-DB938F91CC38}.Release|Any CPU.ActiveCfg = Release|Any CPU
		{9DB7028E-7E05-422A-8F2B-DB938F91CC38}.Release|Any CPU.Build.0 = Release|Any CPU
		{6D157B82-5FBC-4713-8CCD-497CE5B20293}.Debug|Any CPU.ActiveCfg = Debug|Any CPU
		{6D157B82-5FBC-4713-8CCD-497CE5B20293}.Debug|Any CPU.Build.0 = Debug|Any CPU
		{6D157B82-5FBC-4713-8CCD-497CE5B20293}.Release|Any CPU.ActiveCfg = Release|Any CPU
		{6D157B82-5FBC-4713-8CCD-497CE5B20293}.Release|Any CPU.Build.0 = Release|Any CPU
		{3FA63400-DC4A-40AB-8F27-61B581989E4C}.Debug|Any CPU.ActiveCfg = Debug|Any CPU
		{3FA63400-DC4A-40AB-8F27-61B581989E4C}.Debug|Any CPU.Build.0 = Debug|Any CPU
		{3FA63400-DC4A-40AB-8F27-61B581989E4C}.Release|Any CPU.ActiveCfg = Release|Any CPU
		{3FA63400-DC4A-40AB-8F27-61B581989E4C}.Release|Any CPU.Build.0 = Release|Any CPU
	EndGlobalSection
	GlobalSection(SolutionProperties) = preSolution
		HideSolutionNode = FALSE
	EndGlobalSection
	GlobalSection(ExtensibilityGlobals) = postSolution
		SolutionGuid = {F80BDF92-34B0-4675-B941-6D7FFEB35330}
	EndGlobalSection
EndGlobal
