
Microsoft Visual Studio Solution File, Format Version 12.00
# Visual Studio Version 16
VisualStudioVersion = 16.0.29519.181
MinimumVisualStudioVersion = 10.0.40219.1
Project("{FAE04EC0-301F-11D3-BF4B-00C04F79EFBC}") = "DesignPatternsDemo", "DesignPatternsDemo\DesignPatternsDemo.csproj", "{077D6DB5-E3CF-4A73-844C-BDB115F67CC3}"
EndProject
Project("{FAE04EC0-301F-11D3-BF4B-00C04F79EFBC}") = "ExceptionLoggingDemo", "ExceptionLoggingDemo\ExceptionLoggingDemo.csproj", "{943883B2-959C-49EE-9E3B-678F8E2E57B5}"
EndProject
Project("{FAE04EC0-301F-11D3-BF4B-00C04F79EFBC}") = "FactoryDesignPattern", "FactoryDesignPattern\FactoryDesignPattern.csproj", "{795CD4D4-B86F-46FF-B102-50DA7D1D8261}"
EndProject
Project("{FAE04EC0-301F-11D3-BF4B-00C04F79EFBC}") = "UnitTestCases", "DesignPatternDemoUnitTestCases\UnitTestCases.csproj", "{6EACAD49-1961-4458-8AA4-FD074CC8910D}"
EndProject
Project("{FAE04EC0-301F-11D3-BF4B-00C04F79EFBC}") = "StrategyDesignPattern", "StrategyDesignPattern\StrategyDesignPattern.csproj", "{2A47E5DA-8CBA-4DF8-B9AE-E8C38230E41A}"
EndProject
Global
	GlobalSection(SolutionConfigurationPlatforms) = preSolution
		Debug|Any CPU = Debug|Any CPU
		Release|Any CPU = Release|Any CPU
	EndGlobalSection
	GlobalSection(ProjectConfigurationPlatforms) = postSolution
		{077D6DB5-E3CF-4A73-844C-BDB115F67CC3}.Debug|Any CPU.ActiveCfg = Debug|Any CPU
		{077D6DB5-E3CF-4A73-844C-BDB115F67CC3}.Debug|Any CPU.Build.0 = Debug|Any CPU
		{077D6DB5-E3CF-4A73-844C-BDB115F67CC3}.Release|Any CPU.ActiveCfg = Release|Any CPU
		{077D6DB5-E3CF-4A73-844C-BDB115F67CC3}.Release|Any CPU.Build.0 = Release|Any CPU
		{943883B2-959C-49EE-9E3B-678F8E2E57B5}.Debug|Any CPU.ActiveCfg = Debug|Any CPU
		{943883B2-959C-49EE-9E3B-678F8E2E57B5}.Debug|Any CPU.Build.0 = Debug|Any CPU
		{943883B2-959C-49EE-9E3B-678F8E2E57B5}.Release|Any CPU.ActiveCfg = Release|Any CPU
		{943883B2-959C-49EE-9E3B-678F8E2E57B5}.Release|Any CPU.Build.0 = Release|Any CPU
		{795CD4D4-B86F-46FF-B102-50DA7D1D8261}.Debug|Any CPU.ActiveCfg = Debug|Any CPU
		{795CD4D4-B86F-46FF-B102-50DA7D1D8261}.Debug|Any CPU.Build.0 = Debug|Any CPU
		{795CD4D4-B86F-46FF-B102-50DA7D1D8261}.Release|Any CPU.ActiveCfg = Release|Any CPU
		{795CD4D4-B86F-46FF-B102-50DA7D1D8261}.Release|Any CPU.Build.0 = Release|Any CPU
		{6EACAD49-1961-4458-8AA4-FD074CC8910D}.Debug|Any CPU.ActiveCfg = Debug|Any CPU
		{6EACAD49-1961-4458-8AA4-FD074CC8910D}.Debug|Any CPU.Build.0 = Debug|Any CPU
		{6EACAD49-1961-4458-8AA4-FD074CC8910D}.Release|Any CPU.ActiveCfg = Release|Any CPU
		{6EACAD49-1961-4458-8AA4-FD074CC8910D}.Release|Any CPU.Build.0 = Release|Any CPU
		{2A47E5DA-8CBA-4DF8-B9AE-E8C38230E41A}.Debug|Any CPU.ActiveCfg = Debug|Any CPU
		{2A47E5DA-8CBA-4DF8-B9AE-E8C38230E41A}.Debug|Any CPU.Build.0 = Debug|Any CPU
		{2A47E5DA-8CBA-4DF8-B9AE-E8C38230E41A}.Release|Any CPU.ActiveCfg = Release|Any CPU
		{2A47E5DA-8CBA-4DF8-B9AE-E8C38230E41A}.Release|Any CPU.Build.0 = Release|Any CPU
	EndGlobalSection
	GlobalSection(SolutionProperties) = preSolution
		HideSolutionNode = FALSE
	EndGlobalSection
	GlobalSection(ExtensibilityGlobals) = postSolution
		SolutionGuid = {F80BDF92-34B0-4675-B941-6D7FFEB35330}
	EndGlobalSection
EndGlobal
